// !$*UTF8*$!
{
	archiveVersion = 1;
	classes = {
	};
	objectVersion = 48;
	objects = {

/* Begin PBXBuildFile section */
		94AEF2AC20AC1256007EA97A /* AppDelegate.swift in Sources */ = {isa = PBXBuildFile; fileRef = 94AEF2AB20AC1256007EA97A /* AppDelegate.swift */; };
		94AEF2AE20AC1256007EA97A /* ViewController.swift in Sources */ = {isa = PBXBuildFile; fileRef = 94AEF2AD20AC1256007EA97A /* ViewController.swift */; };
		94AEF2B120AC1256007EA97A /* Main.storyboard in Resources */ = {isa = PBXBuildFile; fileRef = 94AEF2AF20AC1256007EA97A /* Main.storyboard */; };
		94AEF2B320AC1256007EA97A /* Assets.xcassets in Resources */ = {isa = PBXBuildFile; fileRef = 94AEF2B220AC1256007EA97A /* Assets.xcassets */; };
		94AEF2B620AC1256007EA97A /* LaunchScreen.storyboard in Resources */ = {isa = PBXBuildFile; fileRef = 94AEF2B420AC1256007EA97A /* LaunchScreen.storyboard */; };
		94AEF2C120AC1256007EA97A /* FastSwiftBlurTests.swift in Sources */ = {isa = PBXBuildFile; fileRef = 94AEF2C020AC1256007EA97A /* FastSwiftBlurTests.swift */; };
		94F0F65A20AC2BC300FB5A76 /* FastBlurManager.swift in Sources */ = {isa = PBXBuildFile; fileRef = 94F0F65720AC2BC300FB5A76 /* FastBlurManager.swift */; };
		94F0F65B20AC2BC300FB5A76 /* UIImage+FastBlur.swift in Sources */ = {isa = PBXBuildFile; fileRef = 94F0F65820AC2BC300FB5A76 /* UIImage+FastBlur.swift */; };
		94F0F65C20AC2BC300FB5A76 /* FastBlurImageView.swift in Sources */ = {isa = PBXBuildFile; fileRef = 94F0F65920AC2BC300FB5A76 /* FastBlurImageView.swift */; };
		94F0F65E20AC2BD700FB5A76 /* Logger.swift in Sources */ = {isa = PBXBuildFile; fileRef = 94F0F65D20AC2BD700FB5A76 /* Logger.swift */; };
/* End PBXBuildFile section */

/* Begin PBXContainerItemProxy section */
		94AEF2BD20AC1256007EA97A /* PBXContainerItemProxy */ = {
			isa = PBXContainerItemProxy;
			containerPortal = 94AEF2A020AC1256007EA97A /* Project object */;
			proxyType = 1;
			remoteGlobalIDString = 94AEF2A720AC1256007EA97A;
			remoteInfo = FastSwiftBlur;
		};
/* End PBXContainerItemProxy section */

/* Begin PBXFileReference section */
		94AEF2A820AC1256007EA97A /* FastSwiftBlur.app */ = {isa = PBXFileReference; explicitFileType = wrapper.application; includeInIndex = 0; path = FastSwiftBlur.app; sourceTree = BUILT_PRODUCTS_DIR; };
		94AEF2AB20AC1256007EA97A /* AppDelegate.swift */ = {isa = PBXFileReference; lastKnownFileType = sourcecode.swift; path = AppDelegate.swift; sourceTree = "<group>"; };
		94AEF2AD20AC1256007EA97A /* ViewController.swift */ = {isa = PBXFileReference; lastKnownFileType = sourcecode.swift; path = ViewController.swift; sourceTree = "<group>"; };
		94AEF2B020AC1256007EA97A /* Base */ = {isa = PBXFileReference; lastKnownFileType = file.storyboard; name = Base; path = Base.lproj/Main.storyboard; sourceTree = "<group>"; };
		94AEF2B220AC1256007EA97A /* Assets.xcassets */ = {isa = PBXFileReference; lastKnownFileType = folder.assetcatalog; path = Assets.xcassets; sourceTree = "<group>"; };
		94AEF2B520AC1256007EA97A /* Base */ = {isa = PBXFileReference; lastKnownFileType = file.storyboard; name = Base; path = Base.lproj/LaunchScreen.storyboard; sourceTree = "<group>"; };
		94AEF2B720AC1256007EA97A /* Info.plist */ = {isa = PBXFileReference; lastKnownFileType = text.plist.xml; path = Info.plist; sourceTree = "<group>"; };
		94AEF2BC20AC1256007EA97A /* FastSwiftBlurTests.xctest */ = {isa = PBXFileReference; explicitFileType = wrapper.cfbundle; includeInIndex = 0; path = FastSwiftBlurTests.xctest; sourceTree = BUILT_PRODUCTS_DIR; };
		94AEF2C020AC1256007EA97A /* FastSwiftBlurTests.swift */ = {isa = PBXFileReference; lastKnownFileType = sourcecode.swift; path = FastSwiftBlurTests.swift; sourceTree = "<group>"; };
		94AEF2C220AC1256007EA97A /* Info.plist */ = {isa = PBXFileReference; lastKnownFileType = text.plist.xml; path = Info.plist; sourceTree = "<group>"; };
		94F0F65720AC2BC300FB5A76 /* FastBlurManager.swift */ = {isa = PBXFileReference; fileEncoding = 4; lastKnownFileType = sourcecode.swift; path = FastBlurManager.swift; sourceTree = "<group>"; };
		94F0F65820AC2BC300FB5A76 /* UIImage+FastBlur.swift */ = {isa = PBXFileReference; fileEncoding = 4; lastKnownFileType = sourcecode.swift; path = "UIImage+FastBlur.swift"; sourceTree = "<group>"; };
		94F0F65920AC2BC300FB5A76 /* FastBlurImageView.swift */ = {isa = PBXFileReference; fileEncoding = 4; lastKnownFileType = sourcecode.swift; path = FastBlurImageView.swift; sourceTree = "<group>"; };
		94F0F65D20AC2BD700FB5A76 /* Logger.swift */ = {isa = PBXFileReference; fileEncoding = 4; lastKnownFileType = sourcecode.swift; path = Logger.swift; sourceTree = "<group>"; };
/* End PBXFileReference section */

/* Begin PBXFrameworksBuildPhase section */
		94AEF2A520AC1256007EA97A /* Frameworks */ = {
			isa = PBXFrameworksBuildPhase;
			buildActionMask = 2147483647;
			files = (
			);
			runOnlyForDeploymentPostprocessing = 0;
		};
		94AEF2B920AC1256007EA97A /* Frameworks */ = {
			isa = PBXFrameworksBuildPhase;
			buildActionMask = 2147483647;
			files = (
			);
			runOnlyForDeploymentPostprocessing = 0;
		};
/* End PBXFrameworksBuildPhase section */

/* Begin PBXGroup section */
		62DE91DA2EF1223C01B5EA8D /* FastBlur */ = {
			isa = PBXGroup;
			children = (
				94F0F65920AC2BC300FB5A76 /* FastBlurImageView.swift */,
				94F0F65720AC2BC300FB5A76 /* FastBlurManager.swift */,
				94F0F65820AC2BC300FB5A76 /* UIImage+FastBlur.swift */,
			);
			path = FastBlur;
			sourceTree = "<group>";
		};
		62DE934406F73D09919FDA14 /* Utils */ = {
			isa = PBXGroup;
			children = (
				94F0F65D20AC2BD700FB5A76 /* Logger.swift */,
			);
			path = Utils;
			sourceTree = "<group>";
		};
		94AEF29F20AC1256007EA97A = {
			isa = PBXGroup;
			children = (
				94AEF2AA20AC1256007EA97A /* FastSwiftBlur */,
				94AEF2BF20AC1256007EA97A /* FastSwiftBlurTests */,
				94AEF2A920AC1256007EA97A /* Products */,
			);
			sourceTree = "<group>";
		};
		94AEF2A920AC1256007EA97A /* Products */ = {
			isa = PBXGroup;
			children = (
				94AEF2A820AC1256007EA97A /* FastSwiftBlur.app */,
				94AEF2BC20AC1256007EA97A /* FastSwiftBlurTests.xctest */,
			);
			name = Products;
			sourceTree = "<group>";
		};
		94AEF2AA20AC1256007EA97A /* FastSwiftBlur */ = {
			isa = PBXGroup;
			children = (
				94AEF2AB20AC1256007EA97A /* AppDelegate.swift */,
				94AEF2AD20AC1256007EA97A /* ViewController.swift */,
				94AEF2AF20AC1256007EA97A /* Main.storyboard */,
				94AEF2B220AC1256007EA97A /* Assets.xcassets */,
				94AEF2B420AC1256007EA97A /* LaunchScreen.storyboard */,
				94AEF2B720AC1256007EA97A /* Info.plist */,
				62DE91DA2EF1223C01B5EA8D /* FastBlur */,
				62DE934406F73D09919FDA14 /* Utils */,
			);
			path = FastSwiftBlur;
			sourceTree = "<group>";
		};
		94AEF2BF20AC1256007EA97A /* FastSwiftBlurTests */ = {
			isa = PBXGroup;
			children = (
				94AEF2C020AC1256007EA97A /* FastSwiftBlurTests.swift */,
				94AEF2C220AC1256007EA97A /* Info.plist */,
			);
			path = FastSwiftBlurTests;
			sourceTree = "<group>";
		};
/* End PBXGroup section */

/* Begin PBXNativeTarget section */
		94AEF2A720AC1256007EA97A /* FastSwiftBlur */ = {
			isa = PBXNativeTarget;
			buildConfigurationList = 94AEF2C520AC1257007EA97A /* Build configuration list for PBXNativeTarget "FastSwiftBlur" */;
			buildPhases = (
				94AEF2A420AC1256007EA97A /* Sources */,
				94AEF2A520AC1256007EA97A /* Frameworks */,
				94AEF2A620AC1256007EA97A /* Resources */,
			);
			buildRules = (
			);
			dependencies = (
			);
			name = FastSwiftBlur;
			productName = FastSwiftBlur;
			productReference = 94AEF2A820AC1256007EA97A /* FastSwiftBlur.app */;
			productType = "com.apple.product-type.application";
		};
		94AEF2BB20AC1256007EA97A /* FastSwiftBlurTests */ = {
			isa = PBXNativeTarget;
			buildConfigurationList = 94AEF2C820AC1257007EA97A /* Build configuration list for PBXNativeTarget "FastSwiftBlurTests" */;
			buildPhases = (
				94AEF2B820AC1256007EA97A /* Sources */,
				94AEF2B920AC1256007EA97A /* Frameworks */,
				94AEF2BA20AC1256007EA97A /* Resources */,
			);
			buildRules = (
			);
			dependencies = (
				94AEF2BE20AC1256007EA97A /* PBXTargetDependency */,
			);
			name = FastSwiftBlurTests;
			productName = FastSwiftBlurTests;
			productReference = 94AEF2BC20AC1256007EA97A /* FastSwiftBlurTests.xctest */;
			productType = "com.apple.product-type.bundle.unit-test";
		};
/* End PBXNativeTarget section */

/* Begin PBXProject section */
		94AEF2A020AC1256007EA97A /* Project object */ = {
			isa = PBXProject;
			attributes = {
				LastSwiftUpdateCheck = 0920;
				LastUpgradeCheck = 0920;
				ORGANIZATIONNAME = Aspirity;
				TargetAttributes = {
					94AEF2A720AC1256007EA97A = {
						CreatedOnToolsVersion = 9.2;
						ProvisioningStyle = Automatic;
					};
					94AEF2BB20AC1256007EA97A = {
						CreatedOnToolsVersion = 9.2;
						ProvisioningStyle = Automatic;
						TestTargetID = 94AEF2A720AC1256007EA97A;
					};
				};
			};
			buildConfigurationList = 94AEF2A320AC1256007EA97A /* Build configuration list for PBXProject "FastSwiftBlur" */;
			compatibilityVersion = "Xcode 8.0";
			developmentRegion = en;
			hasScannedForEncodings = 0;
			knownRegions = (
				en,
				Base,
			);
			mainGroup = 94AEF29F20AC1256007EA97A;
			productRefGroup = 94AEF2A920AC1256007EA97A /* Products */;
			projectDirPath = "";
			projectRoot = "";
			targets = (
				94AEF2A720AC1256007EA97A /* FastSwiftBlur */,
				94AEF2BB20AC1256007EA97A /* FastSwiftBlurTests */,
			);
		};
/* End PBXProject section */

/* Begin PBXResourcesBuildPhase section */
		94AEF2A620AC1256007EA97A /* Resources */ = {
			isa = PBXResourcesBuildPhase;
			buildActionMask = 2147483647;
			files = (
				94AEF2B620AC1256007EA97A /* LaunchScreen.storyboard in Resources */,
				94AEF2B320AC1256007EA97A /* Assets.xcassets in Resources */,
				94AEF2B120AC1256007EA97A /* Main.storyboard in Resources */,
			);
			runOnlyForDeploymentPostprocessing = 0;
		};
		94AEF2BA20AC1256007EA97A /* Resources */ = {
			isa = PBXResourcesBuildPhase;
			buildActionMask = 2147483647;
			files = (
			);
			runOnlyForDeploymentPostprocessing = 0;
		};
/* End PBXResourcesBuildPhase section */

/* Begin PBXSourcesBuildPhase section */
		94AEF2A420AC1256007EA97A /* Sources */ = {
			isa = PBXSourcesBuildPhase;
			buildActionMask = 2147483647;
			files = (
				94F0F65B20AC2BC300FB5A76 /* UIImage+FastBlur.swift in Sources */,
				94F0F65E20AC2BD700FB5A76 /* Logger.swift in Sources */,
				94AEF2AE20AC1256007EA97A /* ViewController.swift in Sources */,
				94F0F65A20AC2BC300FB5A76 /* FastBlurManager.swift in Sources */,
				94AEF2AC20AC1256007EA97A /* AppDelegate.swift in Sources */,
				94F0F65C20AC2BC300FB5A76 /* FastBlurImageView.swift in Sources */,
			);
			runOnlyForDeploymentPostprocessing = 0;
		};
		94AEF2B820AC1256007EA97A /* Sources */ = {
			isa = PBXSourcesBuildPhase;
			buildActionMask = 2147483647;
			files = (
				94AEF2C120AC1256007EA97A /* FastSwiftBlurTests.swift in Sources */,
			);
			runOnlyForDeploymentPostprocessing = 0;
		};
/* End PBXSourcesBuildPhase section */

/* Begin PBXTargetDependency section */
		94AEF2BE20AC1256007EA97A /* PBXTargetDependency */ = {
			isa = PBXTargetDependency;
			target = 94AEF2A720AC1256007EA97A /* FastSwiftBlur */;
			targetProxy = 94AEF2BD20AC1256007EA97A /* PBXContainerItemProxy */;
		};
/* End PBXTargetDependency section */

/* Begin PBXVariantGroup section */
		94AEF2AF20AC1256007EA97A /* Main.storyboard */ = {
			isa = PBXVariantGroup;
			children = (
				94AEF2B020AC1256007EA97A /* Base */,
			);
			name = Main.storyboard;
			sourceTree = "<group>";
		};
		94AEF2B420AC1256007EA97A /* LaunchScreen.storyboard */ = {
			isa = PBXVariantGroup;
			children = (
				94AEF2B520AC1256007EA97A /* Base */,
			);
			name = LaunchScreen.storyboard;
			sourceTree = "<group>";
		};
/* End PBXVariantGroup section */

/* Begin XCBuildConfiguration section */
		94AEF2C320AC1257007EA97A /* Debug */ = {
			isa = XCBuildConfiguration;
			buildSettings = {
				ALWAYS_SEARCH_USER_PATHS = NO;
				CLANG_ANALYZER_NONNULL = YES;
				CLANG_ANALYZER_NUMBER_OBJECT_CONVERSION = YES_AGGRESSIVE;
				CLANG_CXX_LANGUAGE_STANDARD = "gnu++14";
				CLANG_CXX_LIBRARY = "libc++";
				CLANG_ENABLE_MODULES = YES;
				CLANG_ENABLE_OBJC_ARC = YES;
				CLANG_WARN_BLOCK_CAPTURE_AUTORELEASING = YES;
				CLANG_WARN_BOOL_CONVERSION = YES;
				CLANG_WARN_COMMA = YES;
				CLANG_WARN_CONSTANT_CONVERSION = YES;
				CLANG_WARN_DIRECT_OBJC_ISA_USAGE = YES_ERROR;
				CLANG_WARN_DOCUMENTATION_COMMENTS = YES;
				CLANG_WARN_EMPTY_BODY = YES;
				CLANG_WARN_ENUM_CONVERSION = YES;
				CLANG_WARN_INFINITE_RECURSION = YES;
				CLANG_WARN_INT_CONVERSION = YES;
				CLANG_WARN_NON_LITERAL_NULL_CONVERSION = YES;
				CLANG_WARN_OBJC_LITERAL_CONVERSION = YES;
				CLANG_WARN_OBJC_ROOT_CLASS = YES_ERROR;
				CLANG_WARN_RANGE_LOOP_ANALYSIS = YES;
				CLANG_WARN_STRICT_PROTOTYPES = YES;
				CLANG_WARN_SUSPICIOUS_MOVE = YES;
				CLANG_WARN_UNGUARDED_AVAILABILITY = YES_AGGRESSIVE;
				CLANG_WARN_UNREACHABLE_CODE = YES;
				CLANG_WARN__DUPLICATE_METHOD_MATCH = YES;
				CODE_SIGN_IDENTITY = "iPhone Developer";
				COPY_PHASE_STRIP = NO;
				DEBUG_INFORMATION_FORMAT = dwarf;
				ENABLE_STRICT_OBJC_MSGSEND = YES;
				ENABLE_TESTABILITY = YES;
				GCC_C_LANGUAGE_STANDARD = gnu11;
				GCC_DYNAMIC_NO_PIC = NO;
				GCC_NO_COMMON_BLOCKS = YES;
				GCC_OPTIMIZATION_LEVEL = 0;
				GCC_PREPROCESSOR_DEFINITIONS = (
					"DEBUG=1",
					"$(inherited)",
				);
				GCC_WARN_64_TO_32_BIT_CONVERSION = YES;
				GCC_WARN_ABOUT_RETURN_TYPE = YES_ERROR;
				GCC_WARN_UNDECLARED_SELECTOR = YES;
				GCC_WARN_UNINITIALIZED_AUTOS = YES_AGGRESSIVE;
				GCC_WARN_UNUSED_FUNCTION = YES;
				GCC_WARN_UNUSED_VARIABLE = YES;
				IPHONEOS_DEPLOYMENT_TARGET = 11.2;
				MTL_ENABLE_DEBUG_INFO = YES;
				ONLY_ACTIVE_ARCH = YES;
				SDKROOT = iphoneos;
				SWIFT_ACTIVE_COMPILATION_CONDITIONS = DEBUG;
				SWIFT_OPTIMIZATION_LEVEL = "-Onone";
			};
			name = Debug;
		};
		94AEF2C420AC1257007EA97A /* Release */ = {
			isa = XCBuildConfiguration;
			buildSettings = {
				ALWAYS_SEARCH_USER_PATHS = NO;
				CLANG_ANALYZER_NONNULL = YES;
				CLANG_ANALYZER_NUMBER_OBJECT_CONVERSION = YES_AGGRESSIVE;
				CLANG_CXX_LANGUAGE_STANDARD = "gnu++14";
				CLANG_CXX_LIBRARY = "libc++";
				CLANG_ENABLE_MODULES = YES;
				CLANG_ENABLE_OBJC_ARC = YES;
				CLANG_WARN_BLOCK_CAPTURE_AUTORELEASING = YES;
				CLANG_WARN_BOOL_CONVERSION = YES;
				CLANG_WARN_COMMA = YES;
				CLANG_WARN_CONSTANT_CONVERSION = YES;
				CLANG_WARN_DIRECT_OBJC_ISA_USAGE = YES_ERROR;
				CLANG_WARN_DOCUMENTATION_COMMENTS = YES;
				CLANG_WARN_EMPTY_BODY = YES;
				CLANG_WARN_ENUM_CONVERSION = YES;
				CLANG_WARN_INFINITE_RECURSION = YES;
				CLANG_WARN_INT_CONVERSION = YES;
				CLANG_WARN_NON_LITERAL_NULL_CONVERSION = YES;
				CLANG_WARN_OBJC_LITERAL_CONVERSION = YES;
				CLANG_WARN_OBJC_ROOT_CLASS = YES_ERROR;
				CLANG_WARN_RANGE_LOOP_ANALYSIS = YES;
				CLANG_WARN_STRICT_PROTOTYPES = YES;
				CLANG_WARN_SUSPICIOUS_MOVE = YES;
				CLANG_WARN_UNGUARDED_AVAILABILITY = YES_AGGRESSIVE;
				CLANG_WARN_UNREACHABLE_CODE = YES;
				CLANG_WARN__DUPLICATE_METHOD_MATCH = YES;
				CODE_SIGN_IDENTITY = "iPhone Developer";
				COPY_PHASE_STRIP = NO;
				DEBUG_INFORMATION_FORMAT = "dwarf-with-dsym";
				ENABLE_NS_ASSERTIONS = NO;
				ENABLE_STRICT_OBJC_MSGSEND = YES;
				GCC_C_LANGUAGE_STANDARD = gnu11;
				GCC_NO_COMMON_BLOCKS = YES;
				GCC_WARN_64_TO_32_BIT_CONVERSION = YES;
				GCC_WARN_ABOUT_RETURN_TYPE = YES_ERROR;
				GCC_WARN_UNDECLARED_SELECTOR = YES;
				GCC_WARN_UNINITIALIZED_AUTOS = YES_AGGRESSIVE;
				GCC_WARN_UNUSED_FUNCTION = YES;
				GCC_WARN_UNUSED_VARIABLE = YES;
				IPHONEOS_DEPLOYMENT_TARGET = 11.2;
				MTL_ENABLE_DEBUG_INFO = NO;
				SDKROOT = iphoneos;
				SWIFT_OPTIMIZATION_LEVEL = "-Owholemodule";
				VALIDATE_PRODUCT = YES;
			};
			name = Release;
		};
		94AEF2C620AC1257007EA97A /* Debug */ = {
			isa = XCBuildConfiguration;
			buildSettings = {
				ASSETCATALOG_COMPILER_APPICON_NAME = AppIcon;
				CODE_SIGN_STYLE = Automatic;
				DEVELOPMENT_TEAM = W3J5KE8PR9;
				INFOPLIST_FILE = FastSwiftBlur/Info.plist;
				IPHONEOS_DEPLOYMENT_TARGET = 10.0;
				LD_RUNPATH_SEARCH_PATHS = "$(inherited) @executable_path/Frameworks";
				PRODUCT_BUNDLE_IDENTIFIER = ru.aspirity.FastSwiftBlur;
				PRODUCT_NAME = "$(TARGET_NAME)";
				SWIFT_VERSION = 4.0;
				TARGETED_DEVICE_FAMILY = "1,2";
			};
			name = Debug;
		};
		94AEF2C720AC1257007EA97A /* Release */ = {
			isa = XCBuildConfiguration;
			buildSettings = {
				ASSETCATALOG_COMPILER_APPICON_NAME = AppIcon;
				CODE_SIGN_STYLE = Automatic;
				DEVELOPMENT_TEAM = W3J5KE8PR9;
				INFOPLIST_FILE = FastSwiftBlur/Info.plist;
				IPHONEOS_DEPLOYMENT_TARGET = 10.0;
				LD_RUNPATH_SEARCH_PATHS = "$(inherited) @executable_path/Frameworks";
				PRODUCT_BUNDLE_IDENTIFIER = ru.aspirity.FastSwiftBlur;
				PRODUCT_NAME = "$(TARGET_NAME)";
				SWIFT_VERSION = 4.0;
				TARGETED_DEVICE_FAMILY = "1,2";
			};
			name = Release;
		};
		94AEF2C920AC1257007EA97A /* Debug */ = {
			isa = XCBuildConfiguration;
			buildSettings = {
				ALWAYS_EMBED_SWIFT_STANDARD_LIBRARIES = YES;
				BUNDLE_LOADER = "$(TEST_HOST)";
				CODE_SIGN_STYLE = Automatic;
				DEVELOPMENT_TEAM = W3J5KE8PR9;
				INFOPLIST_FILE = FastSwiftBlurTests/Info.plist;
				LD_RUNPATH_SEARCH_PATHS = "$(inherited) @executable_path/Frameworks @loader_path/Frameworks";
				PRODUCT_BUNDLE_IDENTIFIER = ru.aspirity.FastSwiftBlurTests;
				PRODUCT_NAME = "$(TARGET_NAME)";
				SWIFT_VERSION = 4.0;
				TARGETED_DEVICE_FAMILY = "1,2";
				TEST_HOST = "$(BUILT_PRODUCTS_DIR)/FastSwiftBlur.app/FastSwiftBlur";
			};
			name = Debug;
		};
		94AEF2CA20AC1257007EA97A /* Release */ = {
			isa = XCBuildConfiguration;
			buildSettings = {
				ALWAYS_EMBED_SWIFT_STANDARD_LIBRARIES = YES;
				BUNDLE_LOADER = "$(TEST_HOST)";
				CODE_SIGN_STYLE = Automatic;
				DEVELOPMENT_TEAM = W3J5KE8PR9;
				INFOPLIST_FILE = FastSwiftBlurTests/Info.plist;
				LD_RUNPATH_SEARCH_PATHS = "$(inherited) @executable_path/Frameworks @loader_path/Frameworks";
				PRODUCT_BUNDLE_IDENTIFIER = ru.aspirity.FastSwiftBlurTests;
				PRODUCT_NAME = "$(TARGET_NAME)";
				SWIFT_VERSION = 4.0;
				TARGETED_DEVICE_FAMILY = "1,2";
				TEST_HOST = "$(BUILT_PRODUCTS_DIR)/FastSwiftBlur.app/FastSwiftBlur";
			};
			name = Release;
		};
/* End XCBuildConfiguration section */

/* Begin XCConfigurationList section */
		94AEF2A320AC1256007EA97A /* Build configuration list for PBXProject "FastSwiftBlur" */ = {
			isa = XCConfigurationList;
			buildConfigurations = (
				94AEF2C320AC1257007EA97A /* Debug */,
				94AEF2C420AC1257007EA97A /* Release */,
			);
			defaultConfigurationIsVisible = 0;
			defaultConfigurationName = Release;
		};
		94AEF2C520AC1257007EA97A /* Build configuration list for PBXNativeTarget "FastSwiftBlur" */ = {
			isa = XCConfigurationList;
			buildConfigurations = (
				94AEF2C620AC1257007EA97A /* Debug */,
				94AEF2C720AC1257007EA97A /* Release */,
			);
			defaultConfigurationIsVisible = 0;
			defaultConfigurationName = Release;
		};
		94AEF2C820AC1257007EA97A /* Build configuration list for PBXNativeTarget "FastSwiftBlurTests" */ = {
			isa = XCConfigurationList;
			buildConfigurations = (
				94AEF2C920AC1257007EA97A /* Debug */,
				94AEF2CA20AC1257007EA97A /* Release */,
			);
			defaultConfigurationIsVisible = 0;
			defaultConfigurationName = Release;
		};
/* End XCConfigurationList section */
	};
	rootObject = 94AEF2A020AC1256007EA97A /* Project object */;
}
